{
    "name": "perezfrench",
    "version": "1.0.0",
    "lockfileVersion": 1,
    "requires": true,
    "dependencies": {
        "Applozic-Cordova-Ionic-PhoneGap-Chat-Plugin": {
            "version": "git+https://github.com/AppLozic/Applozic-Cordova-Ionic-PhoneGap-Chat-Plugin.git#180cb99b601a985d796b36d074e60eee08074329"
        },
        "balanced-match": {
            "version": "1.0.0",
            "resolved": "https://registry.npmjs.org/balanced-match/-/balanced-match-1.0.0.tgz",
            "integrity": "sha1-ibTRmasr7kneFk6gK4nORi1xt2c="
        },
        "brace-expansion": {
            "version": "1.1.11",
            "resolved": "https://registry.npmjs.org/brace-expansion/-/brace-expansion-1.1.11.tgz",
            "integrity": "sha512-iCuPHDFgrHX7H2vEI/5xpz07zSHB00TpugqhmYtVmMO6518mCuRMoOYFldEBl0g187ufozdaHgWKcYFb61qGiA==",
            "requires": {
                "balanced-match": "1.0.0",
                "concat-map": "0.0.1"
            }
        },
        "concat-map": {
            "version": "0.0.1",
            "resolved": "https://registry.npmjs.org/concat-map/-/concat-map-0.0.1.tgz",
            "integrity": "sha1-2Klr13/Wjfd5OnMDajug1UBdR3s="
        },
        "cordova-android": {
            "version": "7.0.0",
            "resolved": "https://registry.npmjs.org/cordova-android/-/cordova-android-7.0.0.tgz",
            "integrity": "sha1-yVvt/PvDhjsYDE0p7/7E95Nh0Z0=",
            "requires": {
                "android-versions": "1.2.1",
                "cordova-common": "2.2.0",
                "elementtree": "0.1.6",
                "nopt": "3.0.6",
                "properties-parser": "0.2.3",
                "q": "1.5.1",
                "shelljs": "0.5.3"
            },
            "dependencies": {
                "abbrev": {
                    "version": "1.1.1",
                    "bundled": true
                },
                "android-versions": {
                    "version": "1.2.1",
                    "bundled": true
                },
                "ansi": {
                    "version": "0.3.1",
                    "bundled": true
                },
                "balanced-match": {
                    "version": "1.0.0",
                    "bundled": true
                },
                "base64-js": {
                    "version": "0.0.8",
                    "bundled": true
                },
                "big-integer": {
                    "version": "1.6.26",
                    "bundled": true
                },
                "bplist-parser": {
                    "version": "0.1.1",
                    "bundled": true,
                    "requires": {
                        "big-integer": "1.6.26"
                    }
                },
                "brace-expansion": {
                    "version": "1.1.8",
                    "bundled": true,
                    "requires": {
                        "balanced-match": "1.0.0",
                        "concat-map": "0.0.1"
                    }
                },
                "concat-map": {
                    "version": "0.0.1",
                    "bundled": true
                },
                "cordova-common": {
                    "version": "2.2.0",
                    "bundled": true,
                    "requires": {
                        "ansi": "0.3.1",
                        "bplist-parser": "0.1.1",
                        "cordova-registry-mapper": "1.1.15",
                        "elementtree": "0.1.6",
                        "glob": "5.0.15",
                        "minimatch": "3.0.4",
                        "osenv": "0.1.4",
                        "plist": "1.2.0",
                        "q": "1.5.1",
                        "semver": "5.4.1",
                        "shelljs": "0.5.3",
                        "underscore": "1.8.3",
                        "unorm": "1.4.1"
                    }
                },
                "cordova-registry-mapper": {
                    "version": "1.1.15",
                    "bundled": true
                },
                "elementtree": {
                    "version": "0.1.6",
                    "bundled": true,
                    "requires": {
                        "sax": "0.3.5"
                    }
                },
                "glob": {
                    "version": "5.0.15",
                    "bundled": true,
                    "requires": {
                        "inflight": "1.0.6",
                        "inherits": "2.0.3",
                        "minimatch": "3.0.4",
                        "once": "1.4.0",
                        "path-is-absolute": "1.0.1"
                    }
                },
                "inflight": {
                    "version": "1.0.6",
                    "bundled": true,
                    "requires": {
                        "once": "1.4.0",
                        "wrappy": "1.0.2"
                    }
                },
                "inherits": {
                    "version": "2.0.3",
                    "bundled": true
                },
                "lodash": {
                    "version": "3.10.1",
                    "bundled": true
                },
                "minimatch": {
                    "version": "3.0.4",
                    "bundled": true,
                    "requires": {
                        "brace-expansion": "1.1.8"
                    }
                },
                "nopt": {
                    "version": "3.0.6",
                    "bundled": true,
                    "requires": {
                        "abbrev": "1.1.1"
                    }
                },
                "once": {
                    "version": "1.4.0",
                    "bundled": true,
                    "requires": {
                        "wrappy": "1.0.2"
                    }
                },
                "os-homedir": {
                    "version": "1.0.2",
                    "bundled": true
                },
                "os-tmpdir": {
                    "version": "1.0.2",
                    "bundled": true
                },
                "osenv": {
                    "version": "0.1.4",
                    "bundled": true,
                    "requires": {
                        "os-homedir": "1.0.2",
                        "os-tmpdir": "1.0.2"
                    }
                },
                "path-is-absolute": {
                    "version": "1.0.1",
                    "bundled": true
                },
                "plist": {
                    "version": "1.2.0",
                    "bundled": true,
                    "requires": {
                        "base64-js": "0.0.8",
                        "util-deprecate": "1.0.2",
                        "xmlbuilder": "4.0.0",
                        "xmldom": "0.1.27"
                    }
                },
                "properties-parser": {
                    "version": "0.2.3",
                    "bundled": true
                },
                "q": {
                    "version": "1.5.1",
                    "bundled": true
                },
                "sax": {
                    "version": "0.3.5",
                    "bundled": true
                },
                "semver": {
                    "version": "5.4.1",
                    "bundled": true
                },
                "shelljs": {
                    "version": "0.5.3",
                    "bundled": true
                },
                "underscore": {
                    "version": "1.8.3",
                    "bundled": true
                },
                "unorm": {
                    "version": "1.4.1",
                    "bundled": true
                },
                "util-deprecate": {
                    "version": "1.0.2",
                    "bundled": true
                },
                "wrappy": {
                    "version": "1.0.2",
                    "bundled": true
                },
                "xmlbuilder": {
                    "version": "4.0.0",
                    "bundled": true,
                    "requires": {
                        "lodash": "3.10.1"
                    }
                },
                "xmldom": {
                    "version": "0.1.27",
                    "bundled": true
                }
            }
        },
        "cordova-plugin-cocoapod-support": {
            "version": "1.6.0",
            "resolved": "https://registry.npmjs.org/cordova-plugin-cocoapod-support/-/cordova-plugin-cocoapod-support-1.6.0.tgz",
            "integrity": "sha512-nrD+jcEFokPXURoRYaPHemnuvj/eHhLktBlRSb52BGdnaGcYLhXVQYlQat3jyk4zxIAq8gMm/AT1ohfuxYxFdg==",
            "requires": {
                "lodash": "4.17.11",
                "semver": "5.6.0",
                "shelljs": "0.7.8",
                "xml2js": "0.4.19"
            }
        },
        "cordova-plugin-enable-multidex": {
            "version": "0.1.3",
            "resolved": "https://registry.npmjs.org/cordova-plugin-enable-multidex/-/cordova-plugin-enable-multidex-0.1.3.tgz",
            "integrity": "sha1-O6lEG15s6Bwccqvh01ZeyxTmBPs="
        },
        "cordova-plugin-firebase": {
            "version": "2.0.5",
            "resolved": "https://registry.npmjs.org/cordova-plugin-firebase/-/cordova-plugin-firebase-2.0.5.tgz",
            "integrity": "sha512-ArrP/FhqrTu+udu1DNFHIMVdwFl2+IskYPsKXHHougfZ0w9WBgQxubWYHy/ds6fabj/QQaANYPpR7mSVpL6hTg=="
        },
        "cordova-plugin-firebase-authentication": {
            "version": "1.0.1",
            "resolved": "https://registry.npmjs.org/cordova-plugin-firebase-authentication/-/cordova-plugin-firebase-authentication-1.0.1.tgz",
            "integrity": "sha512-Wistd1sCOqPvcFjjbPjukilpImD+6V4ynebxCCJ+IPQ0vSje4rhSYlz2yBPCA3KtlC2pyHkQ9zugbiSQnvkWCA=="
        },
        "cordova-plugin-splashscreen": {
            "version": "5.0.2",
            "resolved": "https://registry.npmjs.org/cordova-plugin-splashscreen/-/cordova-plugin-splashscreen-5.0.2.tgz",
            "integrity": "sha1-dH509W4gHNWFvGLRS8oZ9oZ/8e0="
        },
        "cordova-plugin-statusbar": {
            "version": "2.4.2",
            "resolved": "https://registry.npmjs.org/cordova-plugin-statusbar/-/cordova-plugin-statusbar-2.4.2.tgz",
            "integrity": "sha1-/B+9wNjXAzp+jh8ff/FnrJvU+vY="
        },
        "cordova-plugin-whitelist": {
            "version": "1.3.3",
            "resolved": "https://registry.npmjs.org/cordova-plugin-whitelist/-/cordova-plugin-whitelist-1.3.3.tgz",
            "integrity": "sha1-tehezbv+Wu3tQKG/TuI3LmfZb7Q="
        },
        "cordova-plugin-x-socialsharing": {
            "version": "5.4.1",
            "resolved": "https://registry.npmjs.org/cordova-plugin-x-socialsharing/-/cordova-plugin-x-socialsharing-5.4.1.tgz",
            "integrity": "sha512-JZcSf0heLKivlaYwmJ/n72Y049wD5FA10yfsJUeOZZpRvGtytnSQtTz0LyT4mGzEDiLUm5WD9k3082Ec4PlaGg=="
        },
        "cordova-support-android-plugin": {
            "version": "1.0.1",
            "resolved": "https://registry.npmjs.org/cordova-support-android-plugin/-/cordova-support-android-plugin-1.0.1.tgz",
            "integrity": "sha512-m/ciZFl2kPsdA1jFp0By2txF0aOqnVvhNqQhM04fFNjD2tlcFNsaIqOpkCfDzCYVy9mVH0BupwePmRMTgEIoMw=="
        },
        "cordova-support-google-services": {
            "version": "1.2.1",
            "resolved": "https://registry.npmjs.org/cordova-support-google-services/-/cordova-support-google-services-1.2.1.tgz",
            "integrity": "sha512-EnFjKAE9oI2uzyUvEfWpLgTM200nuJVvShaA4yyz9wMKBUN+H/BRG1byd1ibZz3sSihNKi3FxjQPxmmEn6/IfA=="
        },
        "dom7": {
            "version": "2.1.2",
            "resolved": "https://registry.npmjs.org/dom7/-/dom7-2.1.2.tgz",
            "integrity": "sha512-cGwWtpu7KY3JnbREGqG4EGC/u+1hyLfWVMqrqRjmwiO8d5i4B+0imLZAQ/cJbiXnjbs0pdIUzcUyeI9BbnyKNg==",
            "requires": {
                "ssr-window": "1.0.1"
            }
        },
        "es6-promise-plugin": {
            "version": "4.2.2",
            "resolved": "https://registry.npmjs.org/es6-promise-plugin/-/es6-promise-plugin-4.2.2.tgz",
            "integrity": "sha512-uoA4aVplXI9oqUYJFBAVRwAqIN9/n9JgrTAUGX3qPbnSZVE5yY1+6/MsoN5f4xsaPO62WjPHOdtts6okMN6tNA=="
        },
        "f7-welcomescreen": {
            "version": "2.1.1-beta",
            "resolved": "https://registry.npmjs.org/f7-welcomescreen/-/f7-welcomescreen-2.1.1-beta.tgz",
            "integrity": "sha512-w3sjvleBuoTNoJhXb5Uibw+H3WsPyCNLG/aLi8i9mLhu4WW+6D7PFUNxiQqF3wb8l1pSqghkjWOAszoHFGG5jg=="
        },
        "framework7": {
            "version": "4.0.0-beta.25",
            "resolved": "https://registry.npmjs.org/framework7/-/framework7-4.0.0-beta.25.tgz",
            "integrity": "sha512-pKSeQMWiAqfNViP3bZKhLxVdH2RMwa3GpfHq7B0FLt//K2F/GlEDfD3a8gOhDsWVGvbDFl25ZWqIMsO2d5FpWA==",
            "requires": {
                "dom7": "2.1.2",
                "path-to-regexp": "2.4.0",
                "ssr-window": "1.0.1",
                "template7": "1.4.0"
            }
        },
        "fs.realpath": {
            "version": "1.0.0",
            "resolved": "https://registry.npmjs.org/fs.realpath/-/fs.realpath-1.0.0.tgz",
            "integrity": "sha1-FQStJSMVjKpA20onh8sBQRmU6k8="
        },
        "glob": {
            "version": "7.1.3",
            "resolved": "https://registry.npmjs.org/glob/-/glob-7.1.3.tgz",
            "integrity": "sha512-vcfuiIxogLV4DlGBHIUOwI0IbrJ8HWPc4MU7HzviGeNho/UJDfi6B5p3sHeWIQ0KGIU0Jpxi5ZHxemQfLkkAwQ==",
            "requires": {
                "fs.realpath": "1.0.0",
                "inflight": "1.0.6",
                "inherits": "2.0.3",
                "minimatch": "3.0.4",
                "once": "1.4.0",
                "path-is-absolute": "1.0.1"
            }
        },
        "inflight": {
            "version": "1.0.6",
            "resolved": "https://registry.npmjs.org/inflight/-/inflight-1.0.6.tgz",
            "integrity": "sha1-Sb1jMdfQLQwJvJEKEHW6gWW1bfk=",
            "requires": {
                "once": "1.4.0",
                "wrappy": "1.0.2"
            }
        },
        "inherits": {
            "version": "2.0.3",
            "resolved": "https://registry.npmjs.org/inherits/-/inherits-2.0.3.tgz",
            "integrity": "sha1-Yzwsg+PaQqUC9SRmAiSA9CCCYd4="
        },
        "interpret": {
            "version": "1.2.0",
            "resolved": "https://registry.npmjs.org/interpret/-/interpret-1.2.0.tgz",
            "integrity": "sha512-mT34yGKMNceBQUoVn7iCDKDntA7SC6gycMAWzGx1z/CMCTV7b2AAtXlo3nRyHZ1FelRkQbQjprHSYGwzLtkVbw=="
        },
        "lodash": {
            "version": "4.17.11",
            "resolved": "https://registry.npmjs.org/lodash/-/lodash-4.17.11.tgz",
            "integrity": "sha512-cQKh8igo5QUhZ7lg38DYWAxMvjSAKG0A8wGSVimP07SIUEK2UO+arSRKbRZWtelMtN5V0Hkwh5ryOto/SshYIg=="
        },
        "minimatch": {
            "version": "3.0.4",
            "resolved": "https://registry.npmjs.org/minimatch/-/minimatch-3.0.4.tgz",
            "integrity": "sha512-yJHVQEhyqPLUTgt9B83PXu6W3rx4MvvHvSUvToogpwoGDOUQ+yDrR0HRot+yOCdCO7u4hX3pWft6kWBBcqh0UA==",
            "requires": {
                "brace-expansion": "1.1.11"
            }
        },
        "once": {
            "version": "1.4.0",
            "resolved": "https://registry.npmjs.org/once/-/once-1.4.0.tgz",
            "integrity": "sha1-WDsap3WWHUsROsF9nFC6753Xa9E=",
            "requires": {
                "wrappy": "1.0.2"
            }
        },
        "path-is-absolute": {
            "version": "1.0.1",
            "resolved": "https://registry.npmjs.org/path-is-absolute/-/path-is-absolute-1.0.1.tgz",
            "integrity": "sha1-F0uSaHNVNP+8es5r9TpanhtcX18="
        },
        "path-parse": {
            "version": "1.0.6",
            "resolved": "https://registry.npmjs.org/path-parse/-/path-parse-1.0.6.tgz",
            "integrity": "sha512-GSmOT2EbHrINBf9SR7CDELwlJ8AENk3Qn7OikK4nFYAu3Ote2+JYNVvkpAEQm3/TLNEJFD/xZJjzyxg3KBWOzw=="
        },
        "path-to-regexp": {
            "version": "2.4.0",
            "resolved": "https://registry.npmjs.org/path-to-regexp/-/path-to-regexp-2.4.0.tgz",
            "integrity": "sha512-G6zHoVqC6GGTQkZwF4lkuEyMbVOjoBKAEybQUypI1WTkqinCOrq2x6U2+phkJ1XsEMTy4LjtwPI7HW+NVrRR2w=="
        },
        "rechoir": {
            "version": "0.6.2",
            "resolved": "https://registry.npmjs.org/rechoir/-/rechoir-0.6.2.tgz",
            "integrity": "sha1-hSBLVNuoLVdC4oyWdW70OvUOM4Q=",
            "requires": {
                "resolve": "1.10.0"
            }
        },
        "resolve": {
            "version": "1.10.0",
            "resolved": "https://registry.npmjs.org/resolve/-/resolve-1.10.0.tgz",
            "integrity": "sha512-3sUr9aq5OfSg2S9pNtPA9hL1FVEAjvfOC4leW0SNf/mpnaakz2a9femSd6LqAww2RaFctwyf1lCqnTHuF1rxDg==",
            "requires": {
                "path-parse": "1.0.6"
            }
        },
        "sax": {
            "version": "1.2.4",
            "resolved": "https://registry.npmjs.org/sax/-/sax-1.2.4.tgz",
            "integrity": "sha512-NqVDv9TpANUjFm0N8uM5GxL36UgKi9/atZw+x7YFnQ8ckwFGKrl4xX4yWtrey3UJm5nP1kUbnYgLopqWNSRhWw=="
        },
        "semver": {
            "version": "5.6.0",
            "resolved": "https://registry.npmjs.org/semver/-/semver-5.6.0.tgz",
            "integrity": "sha512-RS9R6R35NYgQn++fkDWaOmqGoj4Ek9gGs+DPxNUZKuwE183xjJroKvyo1IzVFeXvUrvmALy6FWD5xrdJT25gMg=="
        },
        "shelljs": {
            "version": "0.7.8",
            "resolved": "https://registry.npmjs.org/shelljs/-/shelljs-0.7.8.tgz",
            "integrity": "sha1-3svPh0sNHl+3LhSxZKloMEjprLM=",
            "requires": {
                "glob": "7.1.3",
                "interpret": "1.2.0",
                "rechoir": "0.6.2"
            }
        },
        "ssr-window": {
            "version": "1.0.1",
            "resolved": "https://registry.npmjs.org/ssr-window/-/ssr-window-1.0.1.tgz",
            "integrity": "sha512-dgFqB+f00LJTEgb6UXhx0h+SrG50LJvti2yMKMqAgzfUmUXZrLSv2fjULF7AWGwK25EXu8+smLR3jYsJQChPsg=="
        },
        "template7": {
            "version": "1.4.0",
            "resolved": "https://registry.npmjs.org/template7/-/template7-1.4.0.tgz",
            "integrity": "sha512-NMJWbKIoowHixUYIHq+DLvcBM47t/oZ/xfvBbYuMusjjS6BUjC02+gLWctntJuTTiEqILfefBNCXbfp/EMt/zQ=="
        },
        "wrappy": {
            "version": "1.0.2",
            "resolved": "https://registry.npmjs.org/wrappy/-/wrappy-1.0.2.tgz",
            "integrity": "sha1-tSQ9jz7BqjXxNkYFvA0QNuMKtp8="
        },
        "xml2js": {
            "version": "0.4.19",
            "resolved": "https://registry.npmjs.org/xml2js/-/xml2js-0.4.19.tgz",
            "integrity": "sha512-esZnJZJOiJR9wWKMyuvSE1y6Dq5LCuJanqhxslH2bxM6duahNZ+HMpCLhBQGZkbX6xRf8x1Y2eJlgt2q3qo49Q==",
            "requires": {
                "sax": "1.2.4",
                "xmlbuilder": "9.0.7"
            }
        },
        "xmlbuilder": {
            "version": "9.0.7",
            "resolved": "https://registry.npmjs.org/xmlbuilder/-/xmlbuilder-9.0.7.tgz",
            "integrity": "sha1-Ey7mPS7FVlxVfiD0wi35rKaGsQ0="
        }
    }
}
